
Microsoft Visual Studio Solution File, Format Version 12.00
# Visual Studio Version 16
VisualStudioVersion = 16.0.29519.87
MinimumVisualStudioVersion = 10.0.40219.1
Project("{9A19103F-16F7-4668-BE54-9A1E7A4F7556}") = "Lora-Map_Core", "Lora-Map\Lora-Map.csproj", "{78136B15-FF0B-4DCE-94CA-1D6148DEA232}"
EndProject
Project("{2150E333-8FDC-42A3-9474-1A3956D46DE8}") = "Solution Items", "Solution Items", "{7DD32F31-ACB0-4F5E-B3D8-78564A83ACEF}"
	ProjectSection(SolutionItems) = preProject
		..\.dockerignore = ..\.dockerignore
		..\CONTRIBUTING.md = ..\CONTRIBUTING.md
		..\docker-compose.yml = ..\docker-compose.yml
		..\Dockerfile = ..\Dockerfile
		..\LICENSE = ..\LICENSE
		..\README.md = ..\README.md
		..\update.sh = ..\update.sh
	EndProjectSection
EndProject
Project("{9A19103F-16F7-4668-BE54-9A1E7A4F7556}") = "Bot-Utils_Core", "..\Utils\Bot-Utils\Bot-Utils\Bot-Utils_Core.csproj", "{ED37370F-AE65-498D-A425-413FEE69C0A8}"
EndProject
Project("{9A19103F-16F7-4668-BE54-9A1E7A4F7556}") = "Utils_Core", "..\Utils\Utils\Utils\Utils_Core.csproj", "{E8268FE5-D6F0-4805-9BDE-9DBC9CB517FF}"
EndProject
Project("{9A19103F-16F7-4668-BE54-9A1E7A4F7556}") = "Utils-IoT_Core", "..\Utils\Utils-IoT\Utils-IoT\Utils-IoT_Core.csproj", "{04CF6328-3976-44D3-9959-A3B1A2C5C45A}"
EndProject
Project("{9A19103F-16F7-4668-BE54-9A1E7A4F7556}") = "ConnectorDataMqtt_Core", "..\Utils\ConnectorDataMqtt\ConnectorDataMqtt\ConnectorDataMqtt_Core.csproj", "{E40D29CB-B499-4FA6-AEA1-18E8CEAA911B}"
EndProject
Project("{9A19103F-16F7-4668-BE54-9A1E7A4F7556}") = "litjson_Core", "..\Librarys\litjson\litjson\litjson_Core.csproj", "{FFC66B7F-B4FB-4E42-B896-2C6772D899AA}"
EndProject
Project("{9A19103F-16F7-4668-BE54-9A1E7A4F7556}") = "M2Mqtt_Core", "..\Librarys\mqtt\M2Mqtt\M2Mqtt_Core.csproj", "{00C678EE-6BAA-4FCB-AAA5-7755E65C6CC5}"
EndProject
Project("{9A19103F-16F7-4668-BE54-9A1E7A4F7556}") = "CoordinateSharp_Core", "..\Librarys\Coordinates\CoordinateSharp\CoordinateSharp_Core.csproj", "{D9D4C842-5818-4E96-9BFE-7ADFB4D811BA}"
EndProject
Global
	GlobalSection(SolutionConfigurationPlatforms) = preSolution
		Debug|Any CPU = Debug|Any CPU
		Release|Any CPU = Release|Any CPU
	EndGlobalSection
	GlobalSection(ProjectConfigurationPlatforms) = postSolution
		{78136B15-FF0B-4DCE-94CA-1D6148DEA232}.Debug|Any CPU.ActiveCfg = Debug|Any CPU
		{78136B15-FF0B-4DCE-94CA-1D6148DEA232}.Debug|Any CPU.Build.0 = Debug|Any CPU
		{78136B15-FF0B-4DCE-94CA-1D6148DEA232}.Release|Any CPU.ActiveCfg = Release|Any CPU
		{78136B15-FF0B-4DCE-94CA-1D6148DEA232}.Release|Any CPU.Build.0 = Release|Any CPU
		{ED37370F-AE65-498D-A425-413FEE69C0A8}.Debug|Any CPU.ActiveCfg = Debug|Any CPU
		{ED37370F-AE65-498D-A425-413FEE69C0A8}.Debug|Any CPU.Build.0 = Debug|Any CPU
		{ED37370F-AE65-498D-A425-413FEE69C0A8}.Release|Any CPU.ActiveCfg = Release|Any CPU
		{ED37370F-AE65-498D-A425-413FEE69C0A8}.Release|Any CPU.Build.0 = Release|Any CPU
		{E8268FE5-D6F0-4805-9BDE-9DBC9CB517FF}.Debug|Any CPU.ActiveCfg = Debug|Any CPU
		{E8268FE5-D6F0-4805-9BDE-9DBC9CB517FF}.Debug|Any CPU.Build.0 = Debug|Any CPU
		{E8268FE5-D6F0-4805-9BDE-9DBC9CB517FF}.Release|Any CPU.ActiveCfg = Release|Any CPU
		{E8268FE5-D6F0-4805-9BDE-9DBC9CB517FF}.Release|Any CPU.Build.0 = Release|Any CPU
		{04CF6328-3976-44D3-9959-A3B1A2C5C45A}.Debug|Any CPU.ActiveCfg = Debug|Any CPU
		{04CF6328-3976-44D3-9959-A3B1A2C5C45A}.Debug|Any CPU.Build.0 = Debug|Any CPU
		{04CF6328-3976-44D3-9959-A3B1A2C5C45A}.Release|Any CPU.ActiveCfg = Release|Any CPU
		{04CF6328-3976-44D3-9959-A3B1A2C5C45A}.Release|Any CPU.Build.0 = Release|Any CPU
		{E40D29CB-B499-4FA6-AEA1-18E8CEAA911B}.Debug|Any CPU.ActiveCfg = Debug|Any CPU
		{E40D29CB-B499-4FA6-AEA1-18E8CEAA911B}.Debug|Any CPU.Build.0 = Debug|Any CPU
		{E40D29CB-B499-4FA6-AEA1-18E8CEAA911B}.Release|Any CPU.ActiveCfg = Release|Any CPU
		{E40D29CB-B499-4FA6-AEA1-18E8CEAA911B}.Release|Any CPU.Build.0 = Release|Any CPU
		{FFC66B7F-B4FB-4E42-B896-2C6772D899AA}.Debug|Any CPU.ActiveCfg = Debug|Any CPU
		{FFC66B7F-B4FB-4E42-B896-2C6772D899AA}.Debug|Any CPU.Build.0 = Debug|Any CPU
		{FFC66B7F-B4FB-4E42-B896-2C6772D899AA}.Release|Any CPU.ActiveCfg = Release|Any CPU
		{FFC66B7F-B4FB-4E42-B896-2C6772D899AA}.Release|Any CPU.Build.0 = Release|Any CPU
		{00C678EE-6BAA-4FCB-AAA5-7755E65C6CC5}.Debug|Any CPU.ActiveCfg = Debug|Any CPU
		{00C678EE-6BAA-4FCB-AAA5-7755E65C6CC5}.Debug|Any CPU.Build.0 = Debug|Any CPU
		{00C678EE-6BAA-4FCB-AAA5-7755E65C6CC5}.Release|Any CPU.ActiveCfg = Release|Any CPU
		{00C678EE-6BAA-4FCB-AAA5-7755E65C6CC5}.Release|Any CPU.Build.0 = Release|Any CPU
		{D9D4C842-5818-4E96-9BFE-7ADFB4D811BA}.Debug|Any CPU.ActiveCfg = Debug|Any CPU
		{D9D4C842-5818-4E96-9BFE-7ADFB4D811BA}.Debug|Any CPU.Build.0 = Debug|Any CPU
		{D9D4C842-5818-4E96-9BFE-7ADFB4D811BA}.Release|Any CPU.ActiveCfg = Release|Any CPU
		{D9D4C842-5818-4E96-9BFE-7ADFB4D811BA}.Release|Any CPU.Build.0 = Release|Any CPU
	EndGlobalSection
	GlobalSection(SolutionProperties) = preSolution
		HideSolutionNode = FALSE
	EndGlobalSection
	GlobalSection(ExtensibilityGlobals) = postSolution
		SolutionGuid = {7B1C516B-2EDC-4F6A-A1A5-A9BCA14C8603}
	EndGlobalSection
EndGlobal
